
Microsoft Visual Studio Solution File, Format Version 12.00
# Visual Studio Version 17
VisualStudioVersion = 17.2.32616.157
MinimumVisualStudioVersion = 10.0.40219.1
Project("{9A19103F-16F7-4668-BE54-9A1E7A4F7556}") = "IdSubjects", "IdSubjects\IdSubjects.csproj", "{93BB58EF-920A-4F64-9534-144094AC0536}"
EndProject
Project("{9A19103F-16F7-4668-BE54-9A1E7A4F7556}") = "AlphaId.EntityFramework", "AlphaId.EntityFramework\AlphaId.EntityFramework.csproj", "{5FF004D6-3ABD-4745-8052-C7FC7FA372EA}"
EndProject
Project("{9A19103F-16F7-4668-BE54-9A1E7A4F7556}") = "AlphaIdWebAPI", "AlphaIdWebAPI\AlphaIdWebAPI.csproj", "{B52A8244-EDF9-4B0E-B07D-BEF893636DAB}"
EndProject
Project("{2150E333-8FDC-42A3-9474-1A3956D46DE8}") = "Applications", "Applications", "{D8C6EC4E-A781-49E5-B296-8C5576EBEB02}"
EndProject
Project("{2150E333-8FDC-42A3-9474-1A3956D46DE8}") = "Infrastructure", "Infrastructure", "{8D38EFB9-849B-430A-8D9F-4D22524D658B}"
EndProject
Project("{2150E333-8FDC-42A3-9474-1A3956D46DE8}") = "Solution Items", "Solution Items", "{C4E6B12B-FB66-420B-BEB3-57D3A2538843}"
	ProjectSection(SolutionItems) = preProject
		.editorconfig = .editorconfig
	EndProjectSection
EndProject
Project("{2150E333-8FDC-42A3-9474-1A3956D46DE8}") = "Tools", "Tools", "{9B67AD0F-EC27-4983-81EF-B493110821FF}"
EndProject
Project("{9A19103F-16F7-4668-BE54-9A1E7A4F7556}") = "AdminWebApp", "AdminWebApp\AdminWebApp.csproj", "{7D73B9F1-EB23-4B17-A66B-674BF5F2E52E}"
EndProject
Project("{2150E333-8FDC-42A3-9474-1A3956D46DE8}") = "Domain", "Domain", "{D92B699A-567D-4D77-B830-F9FE537BCC59}"
EndProject
Project("{2150E333-8FDC-42A3-9474-1A3956D46DE8}") = "Business", "Business", "{7CC468B3-52ED-4E35-BDB5-38642BE5B3C4}"
EndProject
Project("{9A19103F-16F7-4668-BE54-9A1E7A4F7556}") = "AlphaIdPlatform", "AlphaIdPlatform\AlphaIdPlatform.csproj", "{C2C8783C-F9DE-4F38-8D61-424F95CEC4AE}"
EndProject
Project("{9A19103F-16F7-4668-BE54-9A1E7A4F7556}") = "IdSubjects.WechatWebLogin", "IdSubjects.WechatWebLogin\IdSubjects.WechatWebLogin.csproj", "{C7E9F11E-50FD-4FFD-A97D-FFC2CB53FC81}"
EndProject
Project("{9A19103F-16F7-4668-BE54-9A1E7A4F7556}") = "IdSubjects.DirectoryLogon", "IdSubjects.DirectoryLogon\IdSubjects.DirectoryLogon.csproj", "{63C32B2D-7FB1-4B31-A802-FB58C98026F8}"
EndProject
Project("{9A19103F-16F7-4668-BE54-9A1E7A4F7556}") = "IdSubjects.Tests", "IdSubjects.Tests\IdSubjects.Tests.csproj", "{2CD6AEE6-DB66-42B9-8621-13D7A278BBC7}"
EndProject
Project("{9A19103F-16F7-4668-BE54-9A1E7A4F7556}") = "IdSubjects.WechatWebLogin.Tests", "IdSubjects.WechatWebLogin.Tests\IdSubjects.WechatWebLogin.Tests.csproj", "{D43953BF-8930-4F54-AAF3-99FF0383C2E0}"
EndProject
Project("{9A19103F-16F7-4668-BE54-9A1E7A4F7556}") = "AlphaIdPlatform.Tests", "AlphaIdPlatform.Tests\AlphaIdPlatform.Tests.csproj", "{854B7B8B-B7D9-4D90-B745-29365B45CE23}"
EndProject
Project("{9A19103F-16F7-4668-BE54-9A1E7A4F7556}") = "AlphaIdWebAPI.Tests", "AlphaIdWebAPI.Tests\AlphaIdWebAPI.Tests.csproj", "{9159DE10-581B-4DFB-AA64-C35164B5DA59}"
EndProject
Project("{9A19103F-16F7-4668-BE54-9A1E7A4F7556}") = "AuthCenterWebApp", "AuthCenterWebApp\AuthCenterWebApp.csproj", "{2916EC5B-7D33-455D-BE28-3CD1433B1B7A}"
EndProject
Project("{9A19103F-16F7-4668-BE54-9A1E7A4F7556}") = "AuthCenterWebApp.Tests", "AuthCenterWebApp.Tests\AuthCenterWebApp.Tests.csproj", "{5CBD5336-21C9-4BEC-9A68-94ABB5A501B2}"
EndProject
Project("{9A19103F-16F7-4668-BE54-9A1E7A4F7556}") = "DatabaseTool", "DatabaseTool\DatabaseTool.csproj", "{ADD04681-DDFF-4733-B3F6-C948C1CA36F8}"
EndProject
Project("{9A19103F-16F7-4668-BE54-9A1E7A4F7556}") = "IdSubjects.DirectoryLogon.Tests", "IdSubjects.DirectoryLogon.Tests\IdSubjects.DirectoryLogon.Tests.csproj", "{EA2A0783-A8AD-4626-B75A-F8E6738D5AFC}"
EndProject
Project("{9A19103F-16F7-4668-BE54-9A1E7A4F7556}") = "AdminWebApp.Tests", "AdminWebApp.Tests\AdminWebApp.Tests.csproj", "{4A0C797E-D5FC-4307-A1A6-CB63260BA3FC}"
EndProject
Project("{2150E333-8FDC-42A3-9474-1A3956D46DE8}") = "tests", "tests", "{203550F3-2A94-434A-B0A5-207ABA3D55F0}"
EndProject
Project("{9A19103F-16F7-4668-BE54-9A1E7A4F7556}") = "NgAdminWebApp", "NgAdminWebApp\NgAdminWebApp.csproj", "{348A79C4-31FA-42B6-9A58-7AF67E9172D5}"
EndProject
Project("{9A19103F-16F7-4668-BE54-9A1E7A4F7556}") = "WechatAuthWebApp", "WechatAuthWebApp\WechatAuthWebApp.csproj", "{4F9E32E8-A2E7-4F2C-9847-15D413B321B4}"
EndProject
Project("{2150E333-8FDC-42A3-9474-1A3956D46DE8}") = "tests", "tests", "{D2986112-01A1-445D-ADD2-399E9E483BD4}"
EndProject
Project("{2150E333-8FDC-42A3-9474-1A3956D46DE8}") = "tests", "tests", "{7714CF67-4098-4F37-92AD-C465912B0FB0}"
EndProject
Project("{9A19103F-16F7-4668-BE54-9A1E7A4F7556}") = "IdSubjects.RealName", "IdSubjects.RealName\IdSubjects.RealName.csproj", "{F4F56EF1-A0A7-43C0-B65A-804DD84AF237}"
EndProject
Project("{9A19103F-16F7-4668-BE54-9A1E7A4F7556}") = "AlphaId.PlatformServices", "AlphaId.PlatformServices\AlphaId.PlatformServices.csproj", "{023D269C-A84C-4E73-BEF1-5D721B73ADC9}"
EndProject
Project("{9A19103F-16F7-4668-BE54-9A1E7A4F7556}") = "IntegrationTestUtilities", "IntegrationTestUtilities\IntegrationTestUtilities.csproj", "{FFF75454-F55E-4E7B-A5C9-D1CE59FE1E4E}"
EndProject
Project("{9A19103F-16F7-4668-BE54-9A1E7A4F7556}") = "AlphaId.DirectoryLogon.EntityFramework", "AlphaId.DirectoryLogon.EntityFramework\AlphaId.DirectoryLogon.EntityFramework.csproj", "{74C81D9A-31C7-4E02-A1E3-4F5C28F631FA}"
EndProject
Project("{9A19103F-16F7-4668-BE54-9A1E7A4F7556}") = "AlphaId.WechatWebLogin.EntityFramework", "AlphaId.WechatWebLogin.EntityFramework\AlphaId.WechatWebLogin.EntityFramework.csproj", "{909F50F0-B85C-4D02-9B87-709753CDE43F}"
EndProject
Project("{9A19103F-16F7-4668-BE54-9A1E7A4F7556}") = "IdSubjects.RealName.Tests", "IdSubjects.RealName.Tests\IdSubjects.RealName.Tests.csproj", "{2424DC94-F6F9-4FDF-9EC2-2C9B5E6ECC28}"
EndProject
Project("{9A19103F-16F7-4668-BE54-9A1E7A4F7556}") = "AlphaId.RealName.EntityFramework", "AlphaId.RealName.EntityFramework\AlphaId.RealName.EntityFramework.csproj", "{082438F2-0BC7-4B8B-A3FD-76C91897D7CD}"
EndProject
Global
	GlobalSection(SolutionConfigurationPlatforms) = preSolution
		Debug|Any CPU = Debug|Any CPU
		Release|Any CPU = Release|Any CPU
	EndGlobalSection
	GlobalSection(ProjectConfigurationPlatforms) = postSolution
		{93BB58EF-920A-4F64-9534-144094AC0536}.Debug|Any CPU.ActiveCfg = Debug|Any CPU
		{93BB58EF-920A-4F64-9534-144094AC0536}.Debug|Any CPU.Build.0 = Debug|Any CPU
		{93BB58EF-920A-4F64-9534-144094AC0536}.Release|Any CPU.ActiveCfg = Release|Any CPU
		{93BB58EF-920A-4F64-9534-144094AC0536}.Release|Any CPU.Build.0 = Release|Any CPU
		{5FF004D6-3ABD-4745-8052-C7FC7FA372EA}.Debug|Any CPU.ActiveCfg = Debug|Any CPU
		{5FF004D6-3ABD-4745-8052-C7FC7FA372EA}.Debug|Any CPU.Build.0 = Debug|Any CPU
		{5FF004D6-3ABD-4745-8052-C7FC7FA372EA}.Release|Any CPU.ActiveCfg = Release|Any CPU
		{5FF004D6-3ABD-4745-8052-C7FC7FA372EA}.Release|Any CPU.Build.0 = Release|Any CPU
		{B52A8244-EDF9-4B0E-B07D-BEF893636DAB}.Debug|Any CPU.ActiveCfg = Debug|Any CPU
		{B52A8244-EDF9-4B0E-B07D-BEF893636DAB}.Debug|Any CPU.Build.0 = Debug|Any CPU
		{B52A8244-EDF9-4B0E-B07D-BEF893636DAB}.Release|Any CPU.ActiveCfg = Release|Any CPU
		{B52A8244-EDF9-4B0E-B07D-BEF893636DAB}.Release|Any CPU.Build.0 = Release|Any CPU
		{7D73B9F1-EB23-4B17-A66B-674BF5F2E52E}.Debug|Any CPU.ActiveCfg = Debug|Any CPU
		{7D73B9F1-EB23-4B17-A66B-674BF5F2E52E}.Debug|Any CPU.Build.0 = Debug|Any CPU
		{7D73B9F1-EB23-4B17-A66B-674BF5F2E52E}.Release|Any CPU.ActiveCfg = Release|Any CPU
		{7D73B9F1-EB23-4B17-A66B-674BF5F2E52E}.Release|Any CPU.Build.0 = Release|Any CPU
		{C2C8783C-F9DE-4F38-8D61-424F95CEC4AE}.Debug|Any CPU.ActiveCfg = Debug|Any CPU
		{C2C8783C-F9DE-4F38-8D61-424F95CEC4AE}.Debug|Any CPU.Build.0 = Debug|Any CPU
		{C2C8783C-F9DE-4F38-8D61-424F95CEC4AE}.Release|Any CPU.ActiveCfg = Release|Any CPU
		{C2C8783C-F9DE-4F38-8D61-424F95CEC4AE}.Release|Any CPU.Build.0 = Release|Any CPU
		{C7E9F11E-50FD-4FFD-A97D-FFC2CB53FC81}.Debug|Any CPU.ActiveCfg = Debug|Any CPU
		{C7E9F11E-50FD-4FFD-A97D-FFC2CB53FC81}.Debug|Any CPU.Build.0 = Debug|Any CPU
		{C7E9F11E-50FD-4FFD-A97D-FFC2CB53FC81}.Release|Any CPU.ActiveCfg = Release|Any CPU
		{C7E9F11E-50FD-4FFD-A97D-FFC2CB53FC81}.Release|Any CPU.Build.0 = Release|Any CPU
		{63C32B2D-7FB1-4B31-A802-FB58C98026F8}.Debug|Any CPU.ActiveCfg = Debug|Any CPU
		{63C32B2D-7FB1-4B31-A802-FB58C98026F8}.Debug|Any CPU.Build.0 = Debug|Any CPU
		{63C32B2D-7FB1-4B31-A802-FB58C98026F8}.Release|Any CPU.ActiveCfg = Release|Any CPU
		{63C32B2D-7FB1-4B31-A802-FB58C98026F8}.Release|Any CPU.Build.0 = Release|Any CPU
		{2CD6AEE6-DB66-42B9-8621-13D7A278BBC7}.Debug|Any CPU.ActiveCfg = Debug|Any CPU
		{2CD6AEE6-DB66-42B9-8621-13D7A278BBC7}.Debug|Any CPU.Build.0 = Debug|Any CPU
		{2CD6AEE6-DB66-42B9-8621-13D7A278BBC7}.Release|Any CPU.ActiveCfg = Release|Any CPU
		{2CD6AEE6-DB66-42B9-8621-13D7A278BBC7}.Release|Any CPU.Build.0 = Release|Any CPU
		{D43953BF-8930-4F54-AAF3-99FF0383C2E0}.Debug|Any CPU.ActiveCfg = Debug|Any CPU
		{D43953BF-8930-4F54-AAF3-99FF0383C2E0}.Debug|Any CPU.Build.0 = Debug|Any CPU
		{D43953BF-8930-4F54-AAF3-99FF0383C2E0}.Release|Any CPU.ActiveCfg = Release|Any CPU
		{D43953BF-8930-4F54-AAF3-99FF0383C2E0}.Release|Any CPU.Build.0 = Release|Any CPU
		{854B7B8B-B7D9-4D90-B745-29365B45CE23}.Debug|Any CPU.ActiveCfg = Debug|Any CPU
		{854B7B8B-B7D9-4D90-B745-29365B45CE23}.Debug|Any CPU.Build.0 = Debug|Any CPU
		{854B7B8B-B7D9-4D90-B745-29365B45CE23}.Release|Any CPU.ActiveCfg = Release|Any CPU
		{854B7B8B-B7D9-4D90-B745-29365B45CE23}.Release|Any CPU.Build.0 = Release|Any CPU
		{9159DE10-581B-4DFB-AA64-C35164B5DA59}.Debug|Any CPU.ActiveCfg = Debug|Any CPU
		{9159DE10-581B-4DFB-AA64-C35164B5DA59}.Debug|Any CPU.Build.0 = Debug|Any CPU
		{9159DE10-581B-4DFB-AA64-C35164B5DA59}.Release|Any CPU.ActiveCfg = Release|Any CPU
		{9159DE10-581B-4DFB-AA64-C35164B5DA59}.Release|Any CPU.Build.0 = Release|Any CPU
		{2916EC5B-7D33-455D-BE28-3CD1433B1B7A}.Debug|Any CPU.ActiveCfg = Debug|Any CPU
		{2916EC5B-7D33-455D-BE28-3CD1433B1B7A}.Debug|Any CPU.Build.0 = Debug|Any CPU
		{2916EC5B-7D33-455D-BE28-3CD1433B1B7A}.Release|Any CPU.ActiveCfg = Release|Any CPU
		{2916EC5B-7D33-455D-BE28-3CD1433B1B7A}.Release|Any CPU.Build.0 = Release|Any CPU
		{5CBD5336-21C9-4BEC-9A68-94ABB5A501B2}.Debug|Any CPU.ActiveCfg = Debug|Any CPU
		{5CBD5336-21C9-4BEC-9A68-94ABB5A501B2}.Debug|Any CPU.Build.0 = Debug|Any CPU
		{5CBD5336-21C9-4BEC-9A68-94ABB5A501B2}.Release|Any CPU.ActiveCfg = Release|Any CPU
		{5CBD5336-21C9-4BEC-9A68-94ABB5A501B2}.Release|Any CPU.Build.0 = Release|Any CPU
		{ADD04681-DDFF-4733-B3F6-C948C1CA36F8}.Debug|Any CPU.ActiveCfg = Debug|Any CPU
		{ADD04681-DDFF-4733-B3F6-C948C1CA36F8}.Debug|Any CPU.Build.0 = Debug|Any CPU
		{ADD04681-DDFF-4733-B3F6-C948C1CA36F8}.Release|Any CPU.ActiveCfg = Release|Any CPU
		{ADD04681-DDFF-4733-B3F6-C948C1CA36F8}.Release|Any CPU.Build.0 = Release|Any CPU
		{EA2A0783-A8AD-4626-B75A-F8E6738D5AFC}.Debug|Any CPU.ActiveCfg = Debug|Any CPU
		{EA2A0783-A8AD-4626-B75A-F8E6738D5AFC}.Debug|Any CPU.Build.0 = Debug|Any CPU
		{EA2A0783-A8AD-4626-B75A-F8E6738D5AFC}.Release|Any CPU.ActiveCfg = Release|Any CPU
		{EA2A0783-A8AD-4626-B75A-F8E6738D5AFC}.Release|Any CPU.Build.0 = Release|Any CPU
		{4A0C797E-D5FC-4307-A1A6-CB63260BA3FC}.Debug|Any CPU.ActiveCfg = Debug|Any CPU
		{4A0C797E-D5FC-4307-A1A6-CB63260BA3FC}.Debug|Any CPU.Build.0 = Debug|Any CPU
		{4A0C797E-D5FC-4307-A1A6-CB63260BA3FC}.Release|Any CPU.ActiveCfg = Release|Any CPU
		{4A0C797E-D5FC-4307-A1A6-CB63260BA3FC}.Release|Any CPU.Build.0 = Release|Any CPU
		{348A79C4-31FA-42B6-9A58-7AF67E9172D5}.Debug|Any CPU.ActiveCfg = Debug|Any CPU
		{348A79C4-31FA-42B6-9A58-7AF67E9172D5}.Debug|Any CPU.Build.0 = Debug|Any CPU
		{348A79C4-31FA-42B6-9A58-7AF67E9172D5}.Release|Any CPU.ActiveCfg = Release|Any CPU
		{348A79C4-31FA-42B6-9A58-7AF67E9172D5}.Release|Any CPU.Build.0 = Release|Any CPU
		{4F9E32E8-A2E7-4F2C-9847-15D413B321B4}.Debug|Any CPU.ActiveCfg = Debug|Any CPU
		{4F9E32E8-A2E7-4F2C-9847-15D413B321B4}.Debug|Any CPU.Build.0 = Debug|Any CPU
		{4F9E32E8-A2E7-4F2C-9847-15D413B321B4}.Release|Any CPU.ActiveCfg = Release|Any CPU
		{4F9E32E8-A2E7-4F2C-9847-15D413B321B4}.Release|Any CPU.Build.0 = Release|Any CPU
		{F4F56EF1-A0A7-43C0-B65A-804DD84AF237}.Debug|Any CPU.ActiveCfg = Debug|Any CPU
		{F4F56EF1-A0A7-43C0-B65A-804DD84AF237}.Debug|Any CPU.Build.0 = Debug|Any CPU
		{F4F56EF1-A0A7-43C0-B65A-804DD84AF237}.Release|Any CPU.ActiveCfg = Release|Any CPU
		{F4F56EF1-A0A7-43C0-B65A-804DD84AF237}.Release|Any CPU.Build.0 = Release|Any CPU
		{023D269C-A84C-4E73-BEF1-5D721B73ADC9}.Debug|Any CPU.ActiveCfg = Debug|Any CPU
		{023D269C-A84C-4E73-BEF1-5D721B73ADC9}.Debug|Any CPU.Build.0 = Debug|Any CPU
		{023D269C-A84C-4E73-BEF1-5D721B73ADC9}.Release|Any CPU.ActiveCfg = Release|Any CPU
		{023D269C-A84C-4E73-BEF1-5D721B73ADC9}.Release|Any CPU.Build.0 = Release|Any CPU
		{FFF75454-F55E-4E7B-A5C9-D1CE59FE1E4E}.Debug|Any CPU.ActiveCfg = Debug|Any CPU
		{FFF75454-F55E-4E7B-A5C9-D1CE59FE1E4E}.Debug|Any CPU.Build.0 = Debug|Any CPU
		{FFF75454-F55E-4E7B-A5C9-D1CE59FE1E4E}.Release|Any CPU.ActiveCfg = Release|Any CPU
		{FFF75454-F55E-4E7B-A5C9-D1CE59FE1E4E}.Release|Any CPU.Build.0 = Release|Any CPU
		{74C81D9A-31C7-4E02-A1E3-4F5C28F631FA}.Debug|Any CPU.ActiveCfg = Debug|Any CPU
		{74C81D9A-31C7-4E02-A1E3-4F5C28F631FA}.Debug|Any CPU.Build.0 = Debug|Any CPU
		{74C81D9A-31C7-4E02-A1E3-4F5C28F631FA}.Release|Any CPU.ActiveCfg = Release|Any CPU
		{74C81D9A-31C7-4E02-A1E3-4F5C28F631FA}.Release|Any CPU.Build.0 = Release|Any CPU
		{909F50F0-B85C-4D02-9B87-709753CDE43F}.Debug|Any CPU.ActiveCfg = Debug|Any CPU
		{909F50F0-B85C-4D02-9B87-709753CDE43F}.Debug|Any CPU.Build.0 = Debug|Any CPU
		{909F50F0-B85C-4D02-9B87-709753CDE43F}.Release|Any CPU.ActiveCfg = Release|Any CPU
		{909F50F0-B85C-4D02-9B87-709753CDE43F}.Release|Any CPU.Build.0 = Release|Any CPU
		{2424DC94-F6F9-4FDF-9EC2-2C9B5E6ECC28}.Debug|Any CPU.ActiveCfg = Debug|Any CPU
		{2424DC94-F6F9-4FDF-9EC2-2C9B5E6ECC28}.Debug|Any CPU.Build.0 = Debug|Any CPU
		{2424DC94-F6F9-4FDF-9EC2-2C9B5E6ECC28}.Release|Any CPU.ActiveCfg = Release|Any CPU
		{2424DC94-F6F9-4FDF-9EC2-2C9B5E6ECC28}.Release|Any CPU.Build.0 = Release|Any CPU
		{082438F2-0BC7-4B8B-A3FD-76C91897D7CD}.Debug|Any CPU.ActiveCfg = Debug|Any CPU
		{082438F2-0BC7-4B8B-A3FD-76C91897D7CD}.Debug|Any CPU.Build.0 = Debug|Any CPU
		{082438F2-0BC7-4B8B-A3FD-76C91897D7CD}.Release|Any CPU.ActiveCfg = Release|Any CPU
		{082438F2-0BC7-4B8B-A3FD-76C91897D7CD}.Release|Any CPU.Build.0 = Release|Any CPU
	EndGlobalSection
	GlobalSection(SolutionProperties) = preSolution
		HideSolutionNode = FALSE
	EndGlobalSection
	GlobalSection(NestedProjects) = preSolution
		{93BB58EF-920A-4F64-9534-144094AC0536} = {D92B699A-567D-4D77-B830-F9FE537BCC59}
		{5FF004D6-3ABD-4745-8052-C7FC7FA372EA} = {8D38EFB9-849B-430A-8D9F-4D22524D658B}
		{B52A8244-EDF9-4B0E-B07D-BEF893636DAB} = {D8C6EC4E-A781-49E5-B296-8C5576EBEB02}
		{7D73B9F1-EB23-4B17-A66B-674BF5F2E52E} = {D8C6EC4E-A781-49E5-B296-8C5576EBEB02}
		{C2C8783C-F9DE-4F38-8D61-424F95CEC4AE} = {7CC468B3-52ED-4E35-BDB5-38642BE5B3C4}
		{C7E9F11E-50FD-4FFD-A97D-FFC2CB53FC81} = {D92B699A-567D-4D77-B830-F9FE537BCC59}
		{63C32B2D-7FB1-4B31-A802-FB58C98026F8} = {D92B699A-567D-4D77-B830-F9FE537BCC59}
		{2CD6AEE6-DB66-42B9-8621-13D7A278BBC7} = {D2986112-01A1-445D-ADD2-399E9E483BD4}
		{D43953BF-8930-4F54-AAF3-99FF0383C2E0} = {D2986112-01A1-445D-ADD2-399E9E483BD4}
		{854B7B8B-B7D9-4D90-B745-29365B45CE23} = {7714CF67-4098-4F37-92AD-C465912B0FB0}
		{9159DE10-581B-4DFB-AA64-C35164B5DA59} = {203550F3-2A94-434A-B0A5-207ABA3D55F0}
		{2916EC5B-7D33-455D-BE28-3CD1433B1B7A} = {D8C6EC4E-A781-49E5-B296-8C5576EBEB02}
		{5CBD5336-21C9-4BEC-9A68-94ABB5A501B2} = {203550F3-2A94-434A-B0A5-207ABA3D55F0}
		{ADD04681-DDFF-4733-B3F6-C948C1CA36F8} = {9B67AD0F-EC27-4983-81EF-B493110821FF}
		{EA2A0783-A8AD-4626-B75A-F8E6738D5AFC} = {D2986112-01A1-445D-ADD2-399E9E483BD4}
		{4A0C797E-D5FC-4307-A1A6-CB63260BA3FC} = {203550F3-2A94-434A-B0A5-207ABA3D55F0}
		{203550F3-2A94-434A-B0A5-207ABA3D55F0} = {D8C6EC4E-A781-49E5-B296-8C5576EBEB02}
		{348A79C4-31FA-42B6-9A58-7AF67E9172D5} = {D8C6EC4E-A781-49E5-B296-8C5576EBEB02}
		{4F9E32E8-A2E7-4F2C-9847-15D413B321B4} = {D8C6EC4E-A781-49E5-B296-8C5576EBEB02}
		{D2986112-01A1-445D-ADD2-399E9E483BD4} = {D92B699A-567D-4D77-B830-F9FE537BCC59}
		{7714CF67-4098-4F37-92AD-C465912B0FB0} = {7CC468B3-52ED-4E35-BDB5-38642BE5B3C4}
		{F4F56EF1-A0A7-43C0-B65A-804DD84AF237} = {D92B699A-567D-4D77-B830-F9FE537BCC59}
		{023D269C-A84C-4E73-BEF1-5D721B73ADC9} = {8D38EFB9-849B-430A-8D9F-4D22524D658B}
		{FFF75454-F55E-4E7B-A5C9-D1CE59FE1E4E} = {9B67AD0F-EC27-4983-81EF-B493110821FF}
		{74C81D9A-31C7-4E02-A1E3-4F5C28F631FA} = {8D38EFB9-849B-430A-8D9F-4D22524D658B}
		{909F50F0-B85C-4D02-9B87-709753CDE43F} = {8D38EFB9-849B-430A-8D9F-4D22524D658B}
		{2424DC94-F6F9-4FDF-9EC2-2C9B5E6ECC28} = {D2986112-01A1-445D-ADD2-399E9E483BD4}
		{082438F2-0BC7-4B8B-A3FD-76C91897D7CD} = {8D38EFB9-849B-430A-8D9F-4D22524D658B}
	EndGlobalSection
	GlobalSection(ExtensibilityGlobals) = postSolution
		RESX_CodeReferences = {"Items":[{"Expression":"\\W($File.$Key)\\W","Extensions":".cs,.xaml,.cshtml","IsCaseSensitive":true,"SingleLineComment":"\/\/"},{"Expression":"\\W($File.$Key)\\W","Extensions":".vbhtml","IsCaseSensitive":false,"SingleLineComment":null},{"Expression":"ResourceManager.GetString\\(\"($Key)\"\\)","Extensions":".cs","IsCaseSensitive":true,"SingleLineComment":"\/\/"},{"Expression":"typeof\\((\\w+\\.)*($File)\\).+\"($Key)\"|\"($Key)\".+typeof\\((\\w+\\.)*($File)\\)","Extensions":".cs","IsCaseSensitive":true,"SingleLineComment":"\/\/"},{"Expression":"\\W($Key)\\W","Extensions":".vb","IsCaseSensitive":false,"SingleLineComment":"'"},{"Expression":"\\W($File::$Key)\\W","Extensions":".cpp,.c,.hxx,.h","IsCaseSensitive":true,"SingleLineComment":"\/\/"},{"Expression":"&lt;%\\$\\s+Resources:\\s*($File)\\s*,\\s*($Key)\\s*%&gt;","Extensions":".aspx,.ascx,.master","IsCaseSensitive":true,"SingleLineComment":null},{"Expression":"StringResourceKey\\.($Key)","Extensions":".cs","IsCaseSensitive":true,"SingleLineComment":"\/\/"},{"Expression":"\\.($Key)","Extensions":".ts,.html","IsCaseSensitive":true,"SingleLineComment":"\/\/"},{"Expression":"@L\\[\\\"($Key)\\\"\\]","Extensions":".cshtml","IsCaseSensitive":true,"SingleLineComment":null}]}
		SolutionGuid = {FAC996D9-8451-4B0E-99CC-F15843E0538A}
		RESX_TaskErrorCategory = Message
		RESX_SaveFilesImmediatelyUponChange = True
		RESX_SortFileContentOnSave = True
	EndGlobalSection
EndGlobal
